// !$*UTF8*$!
{
	archiveVersion = 1;
	classes = {
	};
	objectVersion = 56;
	objects = {

/* Begin PBXBuildFile section */
		FAE986FB2BE23DBD0052FB02 /* gitdemoApp.swift in Sources */ = {isa = PBXBuildFile; fileRef = FAE986FA2BE23DBD0052FB02 /* gitdemoApp.swift */; };
		FAE986FD2BE23DBD0052FB02 /* ContentView.swift in Sources */ = {isa = PBXBuildFile; fileRef = FAE986FC2BE23DBD0052FB02 /* ContentView.swift */; };
		FAE986FF2BE23DBF0052FB02 /* Assets.xcassets in Resources */ = {isa = PBXBuildFile; fileRef = FAE986FE2BE23DBF0052FB02 /* Assets.xcassets */; };
		FAE987032BE23DC00052FB02 /* Preview Assets.xcassets in Resources */ = {isa = PBXBuildFile; fileRef = FAE987022BE23DC00052FB02 /* Preview Assets.xcassets */; };
		FAE9870D2BE23DC00052FB02 /* gitdemoTests.swift in Sources */ = {isa = PBXBuildFile; fileRef = FAE9870C2BE23DC00052FB02 /* gitdemoTests.swift */; };
		FAE987172BE23DC00052FB02 /* gitdemoUITests.swift in Sources */ = {isa = PBXBuildFile; fileRef = FAE987162BE23DC00052FB02 /* gitdemoUITests.swift */; };
		FAE987192BE23DC00052FB02 /* gitdemoUITestsLaunchTests.swift in Sources */ = {isa = PBXBuildFile; fileRef = FAE987182BE23DC00052FB02 /* gitdemoUITestsLaunchTests.swift */; };
		FAE9875D2BE244A70052FB02 /* SecondView.swift in Sources */ = {isa = PBXBuildFile; fileRef = FAE9875C2BE244A70052FB02 /* SecondView.swift */; };
/* End PBXBuildFile section */

/* Begin PBXContainerItemProxy section */
		FAE987092BE23DC00052FB02 /* PBXContainerItemProxy */ = {
			isa = PBXContainerItemProxy;
			containerPortal = FAE986EF2BE23DBD0052FB02 /* Project object */;
			proxyType = 1;
			remoteGlobalIDString = FAE986F62BE23DBD0052FB02;
			remoteInfo = gitdemo;
		};
		FAE987132BE23DC00052FB02 /* PBXContainerItemProxy */ = {
			isa = PBXContainerItemProxy;
			containerPortal = FAE986EF2BE23DBD0052FB02 /* Project object */;
			proxyType = 1;
			remoteGlobalIDString = FAE986F62BE23DBD0052FB02;
			remoteInfo = gitdemo;
		};
/* End PBXContainerItemProxy section */

/* Begin PBXFileReference section */
		FAE986F72BE23DBD0052FB02 /* gitdemo.app */ = {isa = PBXFileReference; explicitFileType = wrapper.application; includeInIndex = 0; path = gitdemo.app; sourceTree = BUILT_PRODUCTS_DIR; };
		FAE986FA2BE23DBD0052FB02 /* gitdemoApp.swift */ = {isa = PBXFileReference; lastKnownFileType = sourcecode.swift; path = gitdemoApp.swift; sourceTree = "<group>"; };
		FAE986FC2BE23DBD0052FB02 /* ContentView.swift */ = {isa = PBXFileReference; lastKnownFileType = sourcecode.swift; path = ContentView.swift; sourceTree = "<group>"; };
		FAE986FE2BE23DBF0052FB02 /* Assets.xcassets */ = {isa = PBXFileReference; lastKnownFileType = folder.assetcatalog; path = Assets.xcassets; sourceTree = "<group>"; };
		FAE987002BE23DC00052FB02 /* gitdemo.entitlements */ = {isa = PBXFileReference; lastKnownFileType = text.plist.entitlements; path = gitdemo.entitlements; sourceTree = "<group>"; };
		FAE987022BE23DC00052FB02 /* Preview Assets.xcassets */ = {isa = PBXFileReference; lastKnownFileType = folder.assetcatalog; path = "Preview Assets.xcassets"; sourceTree = "<group>"; };
		FAE987082BE23DC00052FB02 /* gitdemoTests.xctest */ = {isa = PBXFileReference; explicitFileType = wrapper.cfbundle; includeInIndex = 0; path = gitdemoTests.xctest; sourceTree = BUILT_PRODUCTS_DIR; };
		FAE9870C2BE23DC00052FB02 /* gitdemoTests.swift */ = {isa = PBXFileReference; lastKnownFileType = sourcecode.swift; path = gitdemoTests.swift; sourceTree = "<group>"; };
		FAE987122BE23DC00052FB02 /* gitdemoUITests.xctest */ = {isa = PBXFileReference; explicitFileType = wrapper.cfbundle; includeInIndex = 0; path = gitdemoUITests.xctest; sourceTree = BUILT_PRODUCTS_DIR; };
		FAE987162BE23DC00052FB02 /* gitdemoUITests.swift */ = {isa = PBXFileReference; lastKnownFileType = sourcecode.swift; path = gitdemoUITests.swift; sourceTree = "<group>"; };
		FAE987182BE23DC00052FB02 /* gitdemoUITestsLaunchTests.swift */ = {isa = PBXFileReference; lastKnownFileType = sourcecode.swift; path = gitdemoUITestsLaunchTests.swift; sourceTree = "<group>"; };
		FAE9875C2BE244A70052FB02 /* SecondView.swift */ = {isa = PBXFileReference; lastKnownFileType = sourcecode.swift; path = SecondView.swift; sourceTree = "<group>"; };
/* End PBXFileReference section */

/* Begin PBXFrameworksBuildPhase section */
		FAE986F42BE23DBD0052FB02 /* Frameworks */ = {
			isa = PBXFrameworksBuildPhase;
			buildActionMask = 2147483647;
			files = (
			);
			runOnlyForDeploymentPostprocessing = 0;
		};
		FAE987052BE23DC00052FB02 /* Frameworks */ = {
			isa = PBXFrameworksBuildPhase;
			buildActionMask = 2147483647;
			files = (
			);
			runOnlyForDeploymentPostprocessing = 0;
		};
		FAE9870F2BE23DC00052FB02 /* Frameworks */ = {
			isa = PBXFrameworksBuildPhase;
			buildActionMask = 2147483647;
			files = (
			);
			runOnlyForDeploymentPostprocessing = 0;
		};
/* End PBXFrameworksBuildPhase section */

/* Begin PBXGroup section */
		FAE986EE2BE23DBD0052FB02 = {
			isa = PBXGroup;
			children = (
				FAE986F92BE23DBD0052FB02 /* gitdemo */,
				FAE9870B2BE23DC00052FB02 /* gitdemoTests */,
				FAE987152BE23DC00052FB02 /* gitdemoUITests */,
				FAE986F82BE23DBD0052FB02 /* Products */,
			);
			sourceTree = "<group>";
		};
		FAE986F82BE23DBD0052FB02 /* Products */ = {
			isa = PBXGroup;
			children = (
				FAE986F72BE23DBD0052FB02 /* gitdemo.app */,
				FAE987082BE23DC00052FB02 /* gitdemoTests.xctest */,
				FAE987122BE23DC00052FB02 /* gitdemoUITests.xctest */,
			);
			name = Products;
			sourceTree = "<group>";
		};
		FAE986F92BE23DBD0052FB02 /* gitdemo */ = {
			isa = PBXGroup;
			children = (
				FAE986FA2BE23DBD0052FB02 /* gitdemoApp.swift */,
				FAE986FC2BE23DBD0052FB02 /* ContentView.swift */,
				FAE9875C2BE244A70052FB02 /* SecondView.swift */,
				FAE986FE2BE23DBF0052FB02 /* Assets.xcassets */,
				FAE987002BE23DC00052FB02 /* gitdemo.entitlements */,
				FAE987012BE23DC00052FB02 /* Preview Content */,
			);
			path = gitdemo;
			sourceTree = "<group>";
		};
		FAE987012BE23DC00052FB02 /* Preview Content */ = {
			isa = PBXGroup;
			children = (
				FAE987022BE23DC00052FB02 /* Preview Assets.xcassets */,
			);
			path = "Preview Content";
			sourceTree = "<group>";
		};
		FAE9870B2BE23DC00052FB02 /* gitdemoTests */ = {
			isa = PBXGroup;
			children = (
				FAE9870C2BE23DC00052FB02 /* gitdemoTests.swift */,
			);
			path = gitdemoTests;
			sourceTree = "<group>";
		};
		FAE987152BE23DC00052FB02 /* gitdemoUITests */ = {
			isa = PBXGroup;
			children = (
				FAE987162BE23DC00052FB02 /* gitdemoUITests.swift */,
				FAE987182BE23DC00052FB02 /* gitdemoUITestsLaunchTests.swift */,
			);
			path = gitdemoUITests;
			sourceTree = "<group>";
		};
/* End PBXGroup section */

/* Begin PBXNativeTarget section */
		FAE986F62BE23DBD0052FB02 /* gitdemo */ = {
			isa = PBXNativeTarget;
			buildConfigurationList = FAE9871C2BE23DC00052FB02 /* Build configuration list for PBXNativeTarget "gitdemo" */;
			buildPhases = (
				FAE986F32BE23DBD0052FB02 /* Sources */,
				FAE986F42BE23DBD0052FB02 /* Frameworks */,
				FAE986F52BE23DBD0052FB02 /* Resources */,
			);
			buildRules = (
			);
			dependencies = (
			);
			name = gitdemo;
			productName = gitdemo;
			productReference = FAE986F72BE23DBD0052FB02 /* gitdemo.app */;
			productType = "com.apple.product-type.application";
		};
		FAE987072BE23DC00052FB02 /* gitdemoTests */ = {
			isa = PBXNativeTarget;
			buildConfigurationList = FAE9871F2BE23DC00052FB02 /* Build configuration list for PBXNativeTarget "gitdemoTests" */;
			buildPhases = (
				FAE987042BE23DC00052FB02 /* Sources */,
				FAE987052BE23DC00052FB02 /* Frameworks */,
				FAE987062BE23DC00052FB02 /* Resources */,
			);
			buildRules = (
			);
			dependencies = (
				FAE9870A2BE23DC00052FB02 /* PBXTargetDependency */,
			);
			name = gitdemoTests;
			productName = gitdemoTests;
			productReference = FAE987082BE23DC00052FB02 /* gitdemoTests.xctest */;
			productType = "com.apple.product-type.bundle.unit-test";
		};
		FAE987112BE23DC00052FB02 /* gitdemoUITests */ = {
			isa = PBXNativeTarget;
			buildConfigurationList = FAE987222BE23DC00052FB02 /* Build configuration list for PBXNativeTarget "gitdemoUITests" */;
			buildPhases = (
				FAE9870E2BE23DC00052FB02 /* Sources */,
				FAE9870F2BE23DC00052FB02 /* Frameworks */,
				FAE987102BE23DC00052FB02 /* Resources */,
			);
			buildRules = (
			);
			dependencies = (
				FAE987142BE23DC00052FB02 /* PBXTargetDependency */,
			);
			name = gitdemoUITests;
			productName = gitdemoUITests;
			productReference = FAE987122BE23DC00052FB02 /* gitdemoUITests.xctest */;
			productType = "com.apple.product-type.bundle.ui-testing";
		};
/* End PBXNativeTarget section */

/* Begin PBXProject section */
		FAE986EF2BE23DBD0052FB02 /* Project object */ = {
			isa = PBXProject;
			attributes = {
				BuildIndependentTargetsInParallel = 1;
				LastSwiftUpdateCheck = 1430;
				LastUpgradeCheck = 1430;
				TargetAttributes = {
					FAE986F62BE23DBD0052FB02 = {
						CreatedOnToolsVersion = 14.3.1;
					};
					FAE987072BE23DC00052FB02 = {
						CreatedOnToolsVersion = 14.3.1;
						TestTargetID = FAE986F62BE23DBD0052FB02;
					};
					FAE987112BE23DC00052FB02 = {
						CreatedOnToolsVersion = 14.3.1;
						TestTargetID = FAE986F62BE23DBD0052FB02;
					};
				};
			};
			buildConfigurationList = FAE986F22BE23DBD0052FB02 /* Build configuration list for PBXProject "gitdemo" */;
			compatibilityVersion = "Xcode 14.0";
			developmentRegion = en;
			hasScannedForEncodings = 0;
			knownRegions = (
				en,
				Base,
			);
			mainGroup = FAE986EE2BE23DBD0052FB02;
			productRefGroup = FAE986F82BE23DBD0052FB02 /* Products */;
			projectDirPath = "";
			projectRoot = "";
			targets = (
				FAE986F62BE23DBD0052FB02 /* gitdemo */,
				FAE987072BE23DC00052FB02 /* gitdemoTests */,
				FAE987112BE23DC00052FB02 /* gitdemoUITests */,
			);
		};
/* End PBXProject section */

/* Begin PBXResourcesBuildPhase section */
		FAE986F52BE23DBD0052FB02 /* Resources */ = {
			isa = PBXResourcesBuildPhase;
			buildActionMask = 2147483647;
			files = (
				FAE987032BE23DC00052FB02 /* Preview Assets.xcassets in Resources */,
				FAE986FF2BE23DBF0052FB02 /* Assets.xcassets in Resources */,
			);
			runOnlyForDeploymentPostprocessing = 0;
		};
		FAE987062BE23DC00052FB02 /* Resources */ = {
			isa = PBXResourcesBuildPhase;
			buildActionMask = 2147483647;
			files = (
			);
			runOnlyForDeploymentPostprocessing = 0;
		};
		FAE987102BE23DC00052FB02 /* Resources */ = {
			isa = PBXResourcesBuildPhase;
			buildActionMask = 2147483647;
			files = (
			);
			runOnlyForDeploymentPostprocessing = 0;
		};
/* End PBXResourcesBuildPhase section */

/* Begin PBXSourcesBuildPhase section */
		FAE986F32BE23DBD0052FB02 /* Sources */ = {
			isa = PBXSourcesBuildPhase;
			buildActionMask = 2147483647;
			files = (
				FAE9875D2BE244A70052FB02 /* SecondView.swift in Sources */,
				FAE986FD2BE23DBD0052FB02 /* ContentView.swift in Sources */,
				FAE986FB2BE23DBD0052FB02 /* gitdemoApp.swift in Sources */,
			);
			runOnlyForDeploymentPostprocessing = 0;
		};
		FAE987042BE23DC00052FB02 /* Sources */ = {
			isa = PBXSourcesBuildPhase;
			buildActionMask = 2147483647;
			files = (
				FAE9870D2BE23DC00052FB02 /* gitdemoTests.swift in Sources */,
			);
			runOnlyForDeploymentPostprocessing = 0;
		};
		FAE9870E2BE23DC00052FB02 /* Sources */ = {
			isa = PBXSourcesBuildPhase;
			buildActionMask = 2147483647;
			files = (
				FAE987192BE23DC00052FB02 /* gitdemoUITestsLaunchTests.swift in Sources */,
				FAE987172BE23DC00052FB02 /* gitdemoUITests.swift in Sources */,
			);
			runOnlyForDeploymentPostprocessing = 0;
		};
/* End PBXSourcesBuildPhase section */

/* Begin PBXTargetDependency section */
		FAE9870A2BE23DC00052FB02 /* PBXTargetDependency */ = {
			isa = PBXTargetDependency;
			target = FAE986F62BE23DBD0052FB02 /* gitdemo */;
			targetProxy = FAE987092BE23DC00052FB02 /* PBXContainerItemProxy */;
		};
		FAE987142BE23DC00052FB02 /* PBXTargetDependency */ = {
			isa = PBXTargetDependency;
			target = FAE986F62BE23DBD0052FB02 /* gitdemo */;
			targetProxy = FAE987132BE23DC00052FB02 /* PBXContainerItemProxy */;
		};
/* End PBXTargetDependency section */

/* Begin XCBuildConfiguration section */
		FAE9871A2BE23DC00052FB02 /* Debug */ = {
			isa = XCBuildConfiguration;
			buildSettings = {
				ALWAYS_SEARCH_USER_PATHS = NO;
				CLANG_ANALYZER_NONNULL = YES;
				CLANG_ANALYZER_NUMBER_OBJECT_CONVERSION = YES_AGGRESSIVE;
				CLANG_CXX_LANGUAGE_STANDARD = "gnu++20";
				CLANG_ENABLE_MODULES = YES;
				CLANG_ENABLE_OBJC_ARC = YES;
				CLANG_ENABLE_OBJC_WEAK = YES;
				CLANG_WARN_BLOCK_CAPTURE_AUTORELEASING = YES;
				CLANG_WARN_BOOL_CONVERSION = YES;
				CLANG_WARN_COMMA = YES;
				CLANG_WARN_CONSTANT_CONVERSION = YES;
				CLANG_WARN_DEPRECATED_OBJC_IMPLEMENTATIONS = YES;
				CLANG_WARN_DIRECT_OBJC_ISA_USAGE = YES_ERROR;
				CLANG_WARN_DOCUMENTATION_COMMENTS = YES;
				CLANG_WARN_EMPTY_BODY = YES;
				CLANG_WARN_ENUM_CONVERSION = YES;
				CLANG_WARN_INFINITE_RECURSION = YES;
				CLANG_WARN_INT_CONVERSION = YES;
				CLANG_WARN_NON_LITERAL_NULL_CONVERSION = YES;
				CLANG_WARN_OBJC_IMPLICIT_RETAIN_SELF = YES;
				CLANG_WARN_OBJC_LITERAL_CONVERSION = YES;
				CLANG_WARN_OBJC_ROOT_CLASS = YES_ERROR;
				CLANG_WARN_QUOTED_INCLUDE_IN_FRAMEWORK_HEADER = YES;
				CLANG_WARN_RANGE_LOOP_ANALYSIS = YES;
				CLANG_WARN_STRICT_PROTOTYPES = YES;
				CLANG_WARN_SUSPICIOUS_MOVE = YES;
				CLANG_WARN_UNGUARDED_AVAILABILITY = YES_AGGRESSIVE;
				CLANG_WARN_UNREACHABLE_CODE = YES;
				CLANG_WARN__DUPLICATE_METHOD_MATCH = YES;
				COPY_PHASE_STRIP = NO;
				DEBUG_INFORMATION_FORMAT = dwarf;
				ENABLE_STRICT_OBJC_MSGSEND = YES;
				ENABLE_TESTABILITY = YES;
				GCC_C_LANGUAGE_STANDARD = gnu11;
				GCC_DYNAMIC_NO_PIC = NO;
				GCC_NO_COMMON_BLOCKS = YES;
				GCC_OPTIMIZATION_LEVEL = 0;
				GCC_PREPROCESSOR_DEFINITIONS = (
					"DEBUG=1",
					"$(inherited)",
				);
				GCC_WARN_64_TO_32_BIT_CONVERSION = YES;
				GCC_WARN_ABOUT_RETURN_TYPE = YES_ERROR;
				GCC_WARN_UNDECLARED_SELECTOR = YES;
				GCC_WARN_UNINITIALIZED_AUTOS = YES_AGGRESSIVE;
				GCC_WARN_UNUSED_FUNCTION = YES;
				GCC_WARN_UNUSED_VARIABLE = YES;
				MTL_ENABLE_DEBUG_INFO = INCLUDE_SOURCE;
				MTL_FAST_MATH = YES;
				ONLY_ACTIVE_ARCH = YES;
				SWIFT_ACTIVE_COMPILATION_CONDITIONS = DEBUG;
				SWIFT_OPTIMIZATION_LEVEL = "-Onone";
			};
			name = Debug;
		};
		FAE9871B2BE23DC00052FB02 /* Release */ = {
			isa = XCBuildConfiguration;
			buildSettings = {
				ALWAYS_SEARCH_USER_PATHS = NO;
				CLANG_ANALYZER_NONNULL = YES;
				CLANG_ANALYZER_NUMBER_OBJECT_CONVERSION = YES_AGGRESSIVE;
				CLANG_CXX_LANGUAGE_STANDARD = "gnu++20";
				CLANG_ENABLE_MODULES = YES;
				CLANG_ENABLE_OBJC_ARC = YES;
				CLANG_ENABLE_OBJC_WEAK = YES;
				CLANG_WARN_BLOCK_CAPTURE_AUTORELEASING = YES;
				CLANG_WARN_BOOL_CONVERSION = YES;
				CLANG_WARN_COMMA = YES;
				CLANG_WARN_CONSTANT_CONVERSION = YES;
				CLANG_WARN_DEPRECATED_OBJC_IMPLEMENTATIONS = YES;
				CLANG_WARN_DIRECT_OBJC_ISA_USAGE = YES_ERROR;
				CLANG_WARN_DOCUMENTATION_COMMENTS = YES;
				CLANG_WARN_EMPTY_BODY = YES;
				CLANG_WARN_ENUM_CONVERSION = YES;
				CLANG_WARN_INFINITE_RECURSION = YES;
				CLANG_WARN_INT_CONVERSION = YES;
				CLANG_WARN_NON_LITERAL_NULL_CONVERSION = YES;
				CLANG_WARN_OBJC_IMPLICIT_RETAIN_SELF = YES;
				CLANG_WARN_OBJC_LITERAL_CONVERSION = YES;
				CLANG_WARN_OBJC_ROOT_CLASS = YES_ERROR;
				CLANG_WARN_QUOTED_INCLUDE_IN_FRAMEWORK_HEADER = YES;
				CLANG_WARN_RANGE_LOOP_ANALYSIS = YES;
				CLANG_WARN_STRICT_PROTOTYPES = YES;
				CLANG_WARN_SUSPICIOUS_MOVE = YES;
				CLANG_WARN_UNGUARDED_AVAILABILITY = YES_AGGRESSIVE;
				CLANG_WARN_UNREACHABLE_CODE = YES;
				CLANG_WARN__DUPLICATE_METHOD_MATCH = YES;
				COPY_PHASE_STRIP = NO;
				DEBUG_INFORMATION_FORMAT = "dwarf-with-dsym";
				ENABLE_NS_ASSERTIONS = NO;
				ENABLE_STRICT_OBJC_MSGSEND = YES;
				GCC_C_LANGUAGE_STANDARD = gnu11;
				GCC_NO_COMMON_BLOCKS = YES;
				GCC_WARN_64_TO_32_BIT_CONVERSION = YES;
				GCC_WARN_ABOUT_RETURN_TYPE = YES_ERROR;
				GCC_WARN_UNDECLARED_SELECTOR = YES;
				GCC_WARN_UNINITIALIZED_AUTOS = YES_AGGRESSIVE;
				GCC_WARN_UNUSED_FUNCTION = YES;
				GCC_WARN_UNUSED_VARIABLE = YES;
				MTL_ENABLE_DEBUG_INFO = NO;
				MTL_FAST_MATH = YES;
				SWIFT_COMPILATION_MODE = wholemodule;
				SWIFT_OPTIMIZATION_LEVEL = "-O";
			};
			name = Release;
		};
		FAE9871D2BE23DC00052FB02 /* Debug */ = {
			isa = XCBuildConfiguration;
			buildSettings = {
				ASSETCATALOG_COMPILER_APPICON_NAME = AppIcon;
				ASSETCATALOG_COMPILER_GLOBAL_ACCENT_COLOR_NAME = AccentColor;
				CODE_SIGN_ENTITLEMENTS = gitdemo/gitdemo.entitlements;
				CODE_SIGN_STYLE = Automatic;
				CURRENT_PROJECT_VERSION = 1;
				DEVELOPMENT_ASSET_PATHS = "\"gitdemo/Preview Content\"";
				ENABLE_PREVIEWS = YES;
				GENERATE_INFOPLIST_FILE = YES;
				"INFOPLIST_KEY_UIApplicationSceneManifest_Generation[sdk=iphoneos*]" = YES;
				"INFOPLIST_KEY_UIApplicationSceneManifest_Generation[sdk=iphonesimulator*]" = YES;
				"INFOPLIST_KEY_UIApplicationSupportsIndirectInputEvents[sdk=iphoneos*]" = YES;
				"INFOPLIST_KEY_UIApplicationSupportsIndirectInputEvents[sdk=iphonesimulator*]" = YES;
				"INFOPLIST_KEY_UILaunchScreen_Generation[sdk=iphoneos*]" = YES;
				"INFOPLIST_KEY_UILaunchScreen_Generation[sdk=iphonesimulator*]" = YES;
				"INFOPLIST_KEY_UIStatusBarStyle[sdk=iphoneos*]" = UIStatusBarStyleDefault;
				"INFOPLIST_KEY_UIStatusBarStyle[sdk=iphonesimulator*]" = UIStatusBarStyleDefault;
				INFOPLIST_KEY_UISupportedInterfaceOrientations_iPad = "UIInterfaceOrientationPortrait UIInterfaceOrientationPortraitUpsideDown UIInterfaceOrientationLandscapeLeft UIInterfaceOrientationLandscapeRight";
				INFOPLIST_KEY_UISupportedInterfaceOrientations_iPhone = "UIInterfaceOrientationPortrait UIInterfaceOrientationLandscapeLeft UIInterfaceOrientationLandscapeRight";
				IPHONEOS_DEPLOYMENT_TARGET = 16.4;
				LD_RUNPATH_SEARCH_PATHS = "@executable_path/Frameworks";
				"LD_RUNPATH_SEARCH_PATHS[sdk=macosx*]" = "@executable_path/../Frameworks";
				MACOSX_DEPLOYMENT_TARGET = 13.3;
				MARKETING_VERSION = 1.0;
				PRODUCT_BUNDLE_IDENTIFIER = test.gitdemo;
				PRODUCT_NAME = "$(TARGET_NAME)";
				SDKROOT = auto;
				SUPPORTED_PLATFORMS = "iphoneos iphonesimulator macosx";
				SWIFT_EMIT_LOC_STRINGS = YES;
				SWIFT_VERSION = 5.0;
				TARGETED_DEVICE_FAMILY = "1,2";
			};
			name = Debug;
		};
		FAE9871E2BE23DC00052FB02 /* Release */ = {
			isa = XCBuildConfiguration;
			buildSettings = {
				ASSETCATALOG_COMPILER_APPICON_NAME = AppIcon;
				ASSETCATALOG_COMPILER_GLOBAL_ACCENT_COLOR_NAME = AccentColor;
				CODE_SIGN_ENTITLEMENTS = gitdemo/gitdemo.entitlements;
				CODE_SIGN_STYLE = Automatic;
				CURRENT_PROJECT_VERSION = 1;
				DEVELOPMENT_ASSET_PATHS = "\"gitdemo/Preview Content\"";
				ENABLE_PREVIEWS = YES;
				GENERATE_INFOPLIST_FILE = YES;
				"INFOPLIST_KEY_UIApplicationSceneManifest_Generation[sdk=iphoneos*]" = YES;
				"INFOPLIST_KEY_UIApplicationSceneManifest_Generation[sdk=iphonesimulator*]" = YES;
				"INFOPLIST_KEY_UIApplicationSupportsIndirectInputEvents[sdk=iphoneos*]" = YES;
				"INFOPLIST_KEY_UIApplicationSupportsIndirectInputEvents[sdk=iphonesimulator*]" = YES;
				"INFOPLIST_KEY_UILaunchScreen_Generation[sdk=iphoneos*]" = YES;
				"INFOPLIST_KEY_UILaunchScreen_Generation[sdk=iphonesimulator*]" = YES;
				"INFOPLIST_KEY_UIStatusBarStyle[sdk=iphoneos*]" = UIStatusBarStyleDefault;
				"INFOPLIST_KEY_UIStatusBarStyle[sdk=iphonesimulator*]" = UIStatusBarStyleDefault;
				INFOPLIST_KEY_UISupportedInterfaceOrientations_iPad = "UIInterfaceOrientationPortrait UIInterfaceOrientationPortraitUpsideDown UIInterfaceOrientationLandscapeLeft UIInterfaceOrientationLandscapeRight";
				INFOPLIST_KEY_UISupportedInterfaceOrientations_iPhone = "UIInterfaceOrientationPortrait UIInterfaceOrientationLandscapeLeft UIInterfaceOrientationLandscapeRight";
				IPHONEOS_DEPLOYMENT_TARGET = 16.4;
				LD_RUNPATH_SEARCH_PATHS = "@executable_path/Frameworks";
				"LD_RUNPATH_SEARCH_PATHS[sdk=macosx*]" = "@executable_path/../Frameworks";
				MACOSX_DEPLOYMENT_TARGET = 13.3;
				MARKETING_VERSION = 1.0;
				PRODUCT_BUNDLE_IDENTIFIER = test.gitdemo;
				PRODUCT_NAME = "$(TARGET_NAME)";
				SDKROOT = auto;
				SUPPORTED_PLATFORMS = "iphoneos iphonesimulator macosx";
				SWIFT_EMIT_LOC_STRINGS = YES;
				SWIFT_VERSION = 5.0;
				TARGETED_DEVICE_FAMILY = "1,2";
			};
			name = Release;
		};
		FAE987202BE23DC00052FB02 /* Debug */ = {
			isa = XCBuildConfiguration;
			buildSettings = {
				ALWAYS_EMBED_SWIFT_STANDARD_LIBRARIES = YES;
				BUNDLE_LOADER = "$(TEST_HOST)";
				CODE_SIGN_STYLE = Automatic;
				CURRENT_PROJECT_VERSION = 1;
				GENERATE_INFOPLIST_FILE = YES;
				IPHONEOS_DEPLOYMENT_TARGET = 16.4;
				MACOSX_DEPLOYMENT_TARGET = 13.3;
				MARKETING_VERSION = 1.0;
				PRODUCT_BUNDLE_IDENTIFIER = test.gitdemoTests;
				PRODUCT_NAME = "$(TARGET_NAME)";
				SDKROOT = auto;
				SUPPORTED_PLATFORMS = "iphoneos iphonesimulator macosx";
				SWIFT_EMIT_LOC_STRINGS = NO;
				SWIFT_VERSION = 5.0;
				TARGETED_DEVICE_FAMILY = "1,2";
				TEST_HOST = "$(BUILT_PRODUCTS_DIR)/gitdemo.app/$(BUNDLE_EXECUTABLE_FOLDER_PATH)/gitdemo";
			};
			name = Debug;
		};
		FAE987212BE23DC00052FB02 /* Release */ = {
			isa = XCBuildConfiguration;
			buildSettings = {
				ALWAYS_EMBED_SWIFT_STANDARD_LIBRARIES = YES;
				BUNDLE_LOADER = "$(TEST_HOST)";
				CODE_SIGN_STYLE = Automatic;
				CURRENT_PROJECT_VERSION = 1;
				GENERATE_INFOPLIST_FILE = YES;
				IPHONEOS_DEPLOYMENT_TARGET = 16.4;
				MACOSX_DEPLOYMENT_TARGET = 13.3;
				MARKETING_VERSION = 1.0;
				PRODUCT_BUNDLE_IDENTIFIER = test.gitdemoTests;
				PRODUCT_NAME = "$(TARGET_NAME)";
				SDKROOT = auto;
				SUPPORTED_PLATFORMS = "iphoneos iphonesimulator macosx";
				SWIFT_EMIT_LOC_STRINGS = NO;
				SWIFT_VERSION = 5.0;
				TARGETED_DEVICE_FAMILY = "1,2";
				TEST_HOST = "$(BUILT_PRODUCTS_DIR)/gitdemo.app/$(BUNDLE_EXECUTABLE_FOLDER_PATH)/gitdemo";
			};
			name = Release;
		};
		FAE987232BE23DC00052FB02 /* Debug */ = {
			isa = XCBuildConfiguration;
			buildSettings = {
				ALWAYS_EMBED_SWIFT_STANDARD_LIBRARIES = YES;
				CODE_SIGN_STYLE = Automatic;
				CURRENT_PROJECT_VERSION = 1;
				GENERATE_INFOPLIST_FILE = YES;
				IPHONEOS_DEPLOYMENT_TARGET = 16.4;
				MACOSX_DEPLOYMENT_TARGET = 13.3;
				MARKETING_VERSION = 1.0;
				PRODUCT_BUNDLE_IDENTIFIER = test.gitdemoUITests;
				PRODUCT_NAME = "$(TARGET_NAME)";
				SDKROOT = auto;
				SUPPORTED_PLATFORMS = "iphoneos iphonesimulator macosx";
				SWIFT_EMIT_LOC_STRINGS = NO;
				SWIFT_VERSION = 5.0;
				TARGETED_DEVICE_FAMILY = "1,2";
				TEST_TARGET_NAME = gitdemo;
			};
			name = Debug;
		};
		FAE987242BE23DC00052FB02 /* Release */ = {
			isa = XCBuildConfiguration;
			buildSettings = {
				ALWAYS_EMBED_SWIFT_STANDARD_LIBRARIES = YES;
				CODE_SIGN_STYLE = Automatic;
				CURRENT_PROJECT_VERSION = 1;
				GENERATE_INFOPLIST_FILE = YES;
				IPHONEOS_DEPLOYMENT_TARGET = 16.4;
				MACOSX_DEPLOYMENT_TARGET = 13.3;
				MARKETING_VERSION = 1.0;
				PRODUCT_BUNDLE_IDENTIFIER = test.gitdemoUITests;
				PRODUCT_NAME = "$(TARGET_NAME)";
				SDKROOT = auto;
				SUPPORTED_PLATFORMS = "iphoneos iphonesimulator macosx";
				SWIFT_EMIT_LOC_STRINGS = NO;
				SWIFT_VERSION = 5.0;
				TARGETED_DEVICE_FAMILY = "1,2";
				TEST_TARGET_NAME = gitdemo;
			};
			name = Release;
		};
/* End XCBuildConfiguration section */

/* Begin XCConfigurationList section */
		FAE986F22BE23DBD0052FB02 /* Build configuration list for PBXProject "gitdemo" */ = {
			isa = XCConfigurationList;
			buildConfigurations = (
				FAE9871A2BE23DC00052FB02 /* Debug */,
				FAE9871B2BE23DC00052FB02 /* Release */,
			);
			defaultConfigurationIsVisible = 0;
			defaultConfigurationName = Release;
		};
		FAE9871C2BE23DC00052FB02 /* Build configuration list for PBXNativeTarget "gitdemo" */ = {
			isa = XCConfigurationList;
			buildConfigurations = (
				FAE9871D2BE23DC00052FB02 /* Debug */,
				FAE9871E2BE23DC00052FB02 /* Release */,
			);
			defaultConfigurationIsVisible = 0;
			defaultConfigurationName = Release;
		};
		FAE9871F2BE23DC00052FB02 /* Build configuration list for PBXNativeTarget "gitdemoTests" */ = {
			isa = XCConfigurationList;
			buildConfigurations = (
				FAE987202BE23DC00052FB02 /* Debug */,
				FAE987212BE23DC00052FB02 /* Release */,
			);
			defaultConfigurationIsVisible = 0;
			defaultConfigurationName = Release;
		};
		FAE987222BE23DC00052FB02 /* Build configuration list for PBXNativeTarget "gitdemoUITests" */ = {
			isa = XCConfigurationList;
			buildConfigurations = (
				FAE987232BE23DC00052FB02 /* Debug */,
				FAE987242BE23DC00052FB02 /* Release */,
			);
			defaultConfigurationIsVisible = 0;
			defaultConfigurationName = Release;
		};
/* End XCConfigurationList section */
	};
	rootObject = FAE986EF2BE23DBD0052FB02 /* Project object */;
}
